
Microsoft Visual Studio Solution File, Format Version 12.00
# Visual Studio 2017
Project("{FAE04EC0-301F-11D3-BF4B-00C04F79EFBC}") = "2018.7.3", "2018.7.3.csproj", "{2BBD5000-AC76-6D22-A542-B6EB03C2068C}"
EndProject
Project("{FAE04EC0-301F-11D3-BF4B-00C04F79EFBC}") = "2018.7.3.Editor", "2018.7.3.Editor.csproj", "{6FB91C45-5E51-5893-BA73-47AA745B82E7}"
EndProject
Global
	GlobalSection(SolutionConfigurationPlatforms) = preSolution
		Debug|Any CPU = Debug|Any CPU
		Release|Any CPU = Release|Any CPU
	EndGlobalSection
	GlobalSection(ProjectConfigurationPlatforms) = postSolution
		{2BBD5000-AC76-6D22-A542-B6EB03C2068C}.Debug|Any CPU.ActiveCfg = Debug|Any CPU
		{2BBD5000-AC76-6D22-A542-B6EB03C2068C}.Debug|Any CPU.Build.0 = Debug|Any CPU
		{2BBD5000-AC76-6D22-A542-B6EB03C2068C}.Release|Any CPU.ActiveCfg = Release|Any CPU
		{2BBD5000-AC76-6D22-A542-B6EB03C2068C}.Release|Any CPU.Build.0 = Release|Any CPU
		{6FB91C45-5E51-5893-BA73-47AA745B82E7}.Debug|Any CPU.ActiveCfg = Debug|Any CPU
		{6FB91C45-5E51-5893-BA73-47AA745B82E7}.Debug|Any CPU.Build.0 = Debug|Any CPU
		{6FB91C45-5E51-5893-BA73-47AA745B82E7}.Release|Any CPU.ActiveCfg = Release|Any CPU
		{6FB91C45-5E51-5893-BA73-47AA745B82E7}.Release|Any CPU.Build.0 = Release|Any CPU
	EndGlobalSection
	GlobalSection(SolutionProperties) = preSolution
		HideSolutionNode = FALSE
	EndGlobalSection
EndGlobal
