
Microsoft Visual Studio Solution File, Format Version 12.00
# Visual Studio 2017
Project("{FAE04EC0-301F-11D3-BF4B-00C04F79EFBC}") = "2018.7.3 - 演示", "2018.7.3 - 演示.csproj", "{6E3B6161-F94E-6EFA-5413-79191D0857DB}"
EndProject
Project("{FAE04EC0-301F-11D3-BF4B-00C04F79EFBC}") = "2018.7.3 - 演示.Editor", "2018.7.3 - 演示.Editor.csproj", "{030BE7E7-29E5-AAB2-33CD-7DC0CD4DAC91}"
EndProject
Global
	GlobalSection(SolutionConfigurationPlatforms) = preSolution
		Debug|Any CPU = Debug|Any CPU
		Release|Any CPU = Release|Any CPU
	EndGlobalSection
	GlobalSection(ProjectConfigurationPlatforms) = postSolution
		{6E3B6161-F94E-6EFA-5413-79191D0857DB}.Debug|Any CPU.ActiveCfg = Debug|Any CPU
		{6E3B6161-F94E-6EFA-5413-79191D0857DB}.Debug|Any CPU.Build.0 = Debug|Any CPU
		{6E3B6161-F94E-6EFA-5413-79191D0857DB}.Release|Any CPU.ActiveCfg = Release|Any CPU
		{6E3B6161-F94E-6EFA-5413-79191D0857DB}.Release|Any CPU.Build.0 = Release|Any CPU
		{030BE7E7-29E5-AAB2-33CD-7DC0CD4DAC91}.Debug|Any CPU.ActiveCfg = Debug|Any CPU
		{030BE7E7-29E5-AAB2-33CD-7DC0CD4DAC91}.Debug|Any CPU.Build.0 = Debug|Any CPU
		{030BE7E7-29E5-AAB2-33CD-7DC0CD4DAC91}.Release|Any CPU.ActiveCfg = Release|Any CPU
		{030BE7E7-29E5-AAB2-33CD-7DC0CD4DAC91}.Release|Any CPU.Build.0 = Release|Any CPU
	EndGlobalSection
	GlobalSection(SolutionProperties) = preSolution
		HideSolutionNode = FALSE
	EndGlobalSection
EndGlobal
